
Microsoft Visual Studio Solution File, Format Version 12.00
# Visual Studio Version 17
VisualStudioVersion = 17.9.34616.47
MinimumVisualStudioVersion = 10.0.40219.1
Project("{8BC9CEB8-8B4A-11D0-8D11-00A0C91BC942}") = "QuickSort_0163", "QuickSort_0163\QuickSort_0163.vcxproj", "{8504D8C6-3EE1-466A-8DD0-B7DB91FCE8FE}"
EndProject
Global
	GlobalSection(SolutionConfigurationPlatforms) = preSolution
		Debug|x64 = Debug|x64
		Debug|x86 = Debug|x86
		Release|x64 = Release|x64
		Release|x86 = Release|x86
	EndGlobalSection
	GlobalSection(ProjectConfigurationPlatforms) = postSolution
		{8504D8C6-3EE1-466A-8DD0-B7DB91FCE8FE}.Debug|x64.ActiveCfg = Debug|x64
		{8504D8C6-3EE1-466A-8DD0-B7DB91FCE8FE}.Debug|x64.Build.0 = Debug|x64
		{8504D8C6-3EE1-466A-8DD0-B7DB91FCE8FE}.Debug|x86.ActiveCfg = Debug|Win32
		{8504D8C6-3EE1-466A-8DD0-B7DB91FCE8FE}.Debug|x86.Build.0 = Debug|Win32
		{8504D8C6-3EE1-466A-8DD0-B7DB91FCE8FE}.Release|x64.ActiveCfg = Release|x64
		{8504D8C6-3EE1-466A-8DD0-B7DB91FCE8FE}.Release|x64.Build.0 = Release|x64
		{8504D8C6-3EE1-466A-8DD0-B7DB91FCE8FE}.Release|x86.ActiveCfg = Release|Win32
		{8504D8C6-3EE1-466A-8DD0-B7DB91FCE8FE}.Release|x86.Build.0 = Release|Win32
	EndGlobalSection
	GlobalSection(SolutionProperties) = preSolution
		HideSolutionNode = FALSE
	EndGlobalSection
	GlobalSection(ExtensibilityGlobals) = postSolution
		SolutionGuid = {3AE155A0-5EF4-4205-A55D-6C43AA47CBA9}
	EndGlobalSection
EndGlobal
